// !$*UTF8*$!
{archiveVersion = 1; classes = {}; objectVersion = 56; objects = {
000000000000000000000190 = {isa = PBXFileReference; lastKnownFileType = sourcecode.swift; path = "Sources/PaceCore/WidgetReading.swift"; sourceTree = "<group>";};
000000000000000000000191 = {isa = PBXFileReference; lastKnownFileType = sourcecode.swift; path = "Sources/PaceWidgets/PaceWidgets.swift"; sourceTree = "<group>";};
000000000000000000000192 = {isa = PBXBuildFile; fileRef = 000000000000000000000190;};
000000000000000000000193 = {isa = PBXBuildFile; fileRef = 000000000000000000000190;};
000000000000000000000194 = {isa = PBXBuildFile; fileRef = 000000000000000000000191;};
000000000000000000000195 = {isa = PBXBuildFile; fileRef = 000000000000000000000067;};
000000000000000000000196 = {isa = PBXFileReference; explicitFileType = "wrapper.app-extension"; path = "CodexPaceWidgets.appex"; sourceTree = BUILT_PRODUCTS_DIR;};
000000000000000000000197 = {isa = PBXBuildFile; fileRef = 000000000000000000000196; settings = {ATTRIBUTES = (RemoveHeadersOnCopy);};};
000000000000000000000198 = {isa = PBXCopyFilesBuildPhase; buildActionMask = 2147483647; dstPath = ""; dstSubfolderSpec = 13; files = (000000000000000000000197); name = "Embed App Extensions"; runOnlyForDeploymentPostprocessing = 0;};
000000000000000000000199 = {isa = PBXSourcesBuildPhase; buildActionMask = 2147483647; files = (000000000000000000000193,000000000000000000000194,000000000000000000000195); runOnlyForDeploymentPostprocessing = 0;};
00000000000000000000019A = {isa = PBXFrameworksBuildPhase; buildActionMask = 2147483647; files = (); runOnlyForDeploymentPostprocessing = 0;};
00000000000000000000019B = {isa = PBXNativeTarget; buildConfigurationList = 00000000000000000000019C; buildPhases = (000000000000000000000199,00000000000000000000019A); buildRules = (); dependencies = (); name = CodexPaceWidgets; productName = CodexPaceWidgets; productReference = 000000000000000000000196; productType = "com.apple.product-type.app-extension";};
00000000000000000000019C = {isa = XCConfigurationList; buildConfigurations = (00000000000000000000019D,00000000000000000000019E); defaultConfigurationIsVisible = 0; defaultConfigurationName = Release;};
00000000000000000000019D = {isa = XCBuildConfiguration; name = Debug; buildSettings = {PRODUCT_NAME = CodexPaceWidgets; PRODUCT_BUNDLE_IDENTIFIER = dev.zitryss.CodexPace.Widgets; INFOPLIST_FILE = Sources/PaceWidgets/Info.plist; CODE_SIGN_ENTITLEMENTS = Sources/PaceWidgets/PaceWidgets.entitlements; CODE_SIGN_STYLE = Manual; CODE_SIGN_IDENTITY = "-"; ENABLE_APP_SANDBOX = YES; APPLICATION_EXTENSION_API_ONLY = YES; SKIP_INSTALL = YES; LD_RUNPATH_SEARCH_PATHS = ("$(inherited)","@executable_path/../Frameworks","@executable_path/../../../../Frameworks");};};
00000000000000000000019E = {isa = XCBuildConfiguration; name = Release; buildSettings = {PRODUCT_NAME = CodexPaceWidgets; PRODUCT_BUNDLE_IDENTIFIER = dev.zitryss.CodexPace.Widgets; INFOPLIST_FILE = Sources/PaceWidgets/Info.plist; CODE_SIGN_ENTITLEMENTS = Sources/PaceWidgets/PaceWidgets.entitlements; CODE_SIGN_STYLE = Manual; CODE_SIGN_IDENTITY = "-"; ENABLE_APP_SANDBOX = YES; APPLICATION_EXTENSION_API_ONLY = YES; SKIP_INSTALL = YES; LD_RUNPATH_SEARCH_PATHS = ("$(inherited)","@executable_path/../Frameworks","@executable_path/../../../../Frameworks");};};
00000000000000000000019F = {isa = PBXContainerItemProxy; containerPortal = 000000000000000000000001; proxyType = 1; remoteGlobalIDString = 00000000000000000000019B; remoteInfo = CodexPaceWidgets;};
0000000000000000000001A0 = {isa = PBXTargetDependency; target = 00000000000000000000019B; targetProxy = 00000000000000000000019F;};

00000000000000000000012C = {isa = PBXFileReference; lastKnownFileType = image.icns; path = "Assets/AppIcon.icns"; sourceTree = "<group>";};
00000000000000000000012D = {isa = PBXBuildFile; fileRef = 00000000000000000000012C;};
00000000000000000000012E = {isa = PBXResourcesBuildPhase; buildActionMask = 2147483647; files = (00000000000000000000012D); runOnlyForDeploymentPostprocessing = 0;};
000000000000000000000064 = {isa = PBXFileReference; lastKnownFileType = sourcecode.swift; path = "Sources/CodexPace/CodexPaceApp.swift"; sourceTree = "<group>"; };
0000000000000000000000C8 = {isa = PBXBuildFile; fileRef = 000000000000000000000064; };
000000000000000000000065 = {isa = PBXFileReference; lastKnownFileType = sourcecode.swift; path = "Sources/CodexPace/PaceModel.swift"; sourceTree = "<group>"; };
0000000000000000000000C9 = {isa = PBXBuildFile; fileRef = 000000000000000000000065; };
000000000000000000000066 = {isa = PBXFileReference; lastKnownFileType = sourcecode.swift; path = "Sources/PaceCore/CodexClient.swift"; sourceTree = "<group>"; };
0000000000000000000000CA = {isa = PBXBuildFile; fileRef = 000000000000000000000066; };
000000000000000000000067 = {isa = PBXFileReference; lastKnownFileType = sourcecode.swift; path = "Sources/PaceCore/Pacing.swift"; sourceTree = "<group>"; };
0000000000000000000000CB = {isa = PBXBuildFile; fileRef = 000000000000000000000067; };
000000000000000000000001 = {isa = PBXProject; attributes = {LastUpgradeCheck = 2660;}; buildConfigurationList = 00000000000000000000000A; compatibilityVersion = "Xcode 14.0"; developmentRegion = en; knownRegions = (en, Base); mainGroup = 000000000000000000000002; productRefGroup = 000000000000000000000003; projectDirPath = ""; targets = (000000000000000000000004,00000000000000000000019B); };
000000000000000000000002 = {isa = PBXGroup; children = (000000000000000000000190,000000000000000000000191,00000000000000000000012C,000000000000000000000064,000000000000000000000065,000000000000000000000066,000000000000000000000067,000000000000000000000003); sourceTree = "<group>";};
000000000000000000000003 = {isa = PBXGroup; children = (000000000000000000000005,000000000000000000000196); name = Products; sourceTree = "<group>";};
000000000000000000000005 = {isa = PBXFileReference; explicitFileType = wrapper.application; path = "Codex Pace.app"; sourceTree = BUILT_PRODUCTS_DIR;};
000000000000000000000004 = {isa = PBXNativeTarget; buildConfigurationList = 00000000000000000000000B; buildPhases = (000000000000000000000006,000000000000000000000007,00000000000000000000012E,000000000000000000000198); buildRules = (); dependencies = (0000000000000000000001A0); name = CodexPace; productName = "Codex Pace"; productReference = 000000000000000000000005; productType = "com.apple.product-type.application";};
000000000000000000000006 = {isa = PBXSourcesBuildPhase; buildActionMask = 2147483647; files = (000000000000000000000192,0000000000000000000000C8,0000000000000000000000C9,0000000000000000000000CA,0000000000000000000000CB); runOnlyForDeploymentPostprocessing = 0;};
000000000000000000000007 = {isa = PBXFrameworksBuildPhase; buildActionMask = 2147483647; files = (); runOnlyForDeploymentPostprocessing = 0;};
00000000000000000000000C = {isa = XCBuildConfiguration; name = Debug; buildSettings = {SDKROOT = macosx; MACOSX_DEPLOYMENT_TARGET = 14.0; SWIFT_VERSION = 5.0; CLANG_ENABLE_MODULES = YES;};};
00000000000000000000000D = {isa = XCBuildConfiguration; name = Release; buildSettings = {SDKROOT = macosx; MACOSX_DEPLOYMENT_TARGET = 14.0; SWIFT_VERSION = 5.0; CLANG_ENABLE_MODULES = YES;};};
00000000000000000000000E = {isa = XCBuildConfiguration; name = Debug; buildSettings = {PRODUCT_NAME = "Codex Pace"; PRODUCT_BUNDLE_IDENTIFIER = dev.zitryss.CodexPace; INFOPLIST_FILE = Info.plist; CODE_SIGN_STYLE = Manual; CODE_SIGN_IDENTITY = "-"; ENABLE_APP_SANDBOX = NO; SWIFT_OPTIMIZATION_LEVEL = "-Onone"; COMBINE_HIDPI_IMAGES = YES; };};
00000000000000000000000F = {isa = XCBuildConfiguration; name = Release; buildSettings = {PRODUCT_NAME = "Codex Pace"; PRODUCT_BUNDLE_IDENTIFIER = dev.zitryss.CodexPace; INFOPLIST_FILE = Info.plist; CODE_SIGN_STYLE = Manual; CODE_SIGN_IDENTITY = "-"; ENABLE_APP_SANDBOX = NO; SWIFT_OPTIMIZATION_LEVEL = "-O"; COMBINE_HIDPI_IMAGES = YES; };};
00000000000000000000000A = {isa = XCConfigurationList; buildConfigurations = (00000000000000000000000C,00000000000000000000000D); defaultConfigurationIsVisible = 0; defaultConfigurationName = Release;};
00000000000000000000000B = {isa = XCConfigurationList; buildConfigurations = (00000000000000000000000E,00000000000000000000000F); defaultConfigurationIsVisible = 0; defaultConfigurationName = Release;};
}; rootObject = 000000000000000000000001; }
